
Microsoft Visual Studio Solution File, Format Version 12.00
# Visual Studio Version 16
VisualStudioVersion = 16.0.31005.135
MinimumVisualStudioVersion = 10.0.40219.1
Project("{FAE04EC0-301F-11D3-BF4B-00C04F79EFBC}") = "NET_API_MODELS_Peliculas", "NET_API_MODELS_Peliculas.csproj", "{4EEE13B2-A27C-4AEE-9ED6-EA0C9329D105}"
EndProject
Global
	GlobalSection(SolutionConfigurationPlatforms) = preSolution
		Debug|Any CPU = Debug|Any CPU
		Release|Any CPU = Release|Any CPU
	EndGlobalSection
	GlobalSection(ProjectConfigurationPlatforms) = postSolution
		{4EEE13B2-A27C-4AEE-9ED6-EA0C9329D105}.Debug|Any CPU.ActiveCfg = Debug|Any CPU
		{4EEE13B2-A27C-4AEE-9ED6-EA0C9329D105}.Debug|Any CPU.Build.0 = Debug|Any CPU
		{4EEE13B2-A27C-4AEE-9ED6-EA0C9329D105}.Release|Any CPU.ActiveCfg = Release|Any CPU
		{4EEE13B2-A27C-4AEE-9ED6-EA0C9329D105}.Release|Any CPU.Build.0 = Release|Any CPU
	EndGlobalSection
	GlobalSection(SolutionProperties) = preSolution
		HideSolutionNode = FALSE
	EndGlobalSection
	GlobalSection(ExtensibilityGlobals) = postSolution
		SolutionGuid = {DFD46ADF-E37F-4479-A57C-E63F19F15888}
	EndGlobalSection
EndGlobal
